# THIS IS AN AUTOGENERATED FILE. DO NOT EDIT THIS FILE DIRECTLY.
# yarn lockfile v1


"ansi-regex@^2.0.0":
  "integrity" "sha1-w7M6te42DYbg5ijwRorn7yfWVN8="
  "resolved" "https://registry.npmjs.org/ansi-regex/-/ansi-regex-2.1.1.tgz"
  "version" "2.1.1"

"ansi-styles@^2.2.1":
  "integrity" "sha1-tDLdM1i2NM914eRmQ2gkBTPB3b4="
  "resolved" "https://registry.npmjs.org/ansi-styles/-/ansi-styles-2.2.1.tgz"
  "version" "2.2.1"

"balanced-match@^0.4.1":
  "integrity" "sha1-yz8+PHMtwPAe5wtAPzAuYddwmDg="
  "resolved" "https://registry.npmjs.org/balanced-match/-/balanced-match-0.4.2.tgz"
  "version" "0.4.2"

"block-stream@*":
  "integrity" "sha1-E+v+d4oDIFz+A3UUgeu0szAMEmo="
  "resolved" "https://registry.npmjs.org/block-stream/-/block-stream-0.0.9.tgz"
  "version" "0.0.9"
  dependencies:
    "inherits" "~2.0.0"

"brace-expansion@^1.0.0":
  "integrity" "sha1-Pv/DxQ4ABTH7cg6v+A8K6O8jz1k="
  "resolved" "https://registry.npmjs.org/brace-expansion/-/brace-expansion-1.1.7.tgz"
  "version" "1.1.7"
  dependencies:
    "balanced-match" "^0.4.1"
    "concat-map" "0.0.1"

"buffer-from@^0.1.1":
  "integrity" "sha1-V7GLHaChnsBvM4N6UnWiQjUb114="
  "resolved" "https://registry.npmjs.org/buffer-from/-/buffer-from-0.1.1.tgz"
  "version" "0.1.1"
  dependencies:
    "is-array-buffer-x" "^1.0.13"

"buffer-shims@~1.0.0":
  "integrity" "sha1-mXjOMXOIxkmth5MCjDR37wRKi1E="
  "resolved" "https://registry.npmjs.org/buffer-shims/-/buffer-shims-1.0.0.tgz"
  "version" "1.0.0"

"builtins@^1.0.3":
  "integrity" "sha1-y5T662HIaWRR2zZTThQi+U8K7og="
  "resolved" "https://registry.npmjs.org/builtins/-/builtins-1.0.3.tgz"
  "version" "1.0.3"

"chalk@^1.1.1":
  "integrity" "sha1-qBFcVeSnAv5NFQq9OHKCKn4J/Jg="
  "resolved" "https://registry.npmjs.org/chalk/-/chalk-1.1.3.tgz"
  "version" "1.1.3"
  dependencies:
    "ansi-styles" "^2.2.1"
    "escape-string-regexp" "^1.0.2"
    "has-ansi" "^2.0.0"
    "strip-ansi" "^3.0.0"
    "supports-color" "^2.0.0"

"commander@^2.9.0":
  "integrity" "sha1-nJkJQXbhIkDLItbFFGCYQA/g99Q="
  "resolved" "https://registry.npmjs.org/commander/-/commander-2.9.0.tgz"
  "version" "2.9.0"
  dependencies:
    "graceful-readlink" ">= 1.0.0"

"concat-map@0.0.1":
  "integrity" "sha1-2Klr13/Wjfd5OnMDajug1UBdR3s="
  "resolved" "https://registry.npmjs.org/concat-map/-/concat-map-0.0.1.tgz"
  "version" "0.0.1"

"core-util-is@~1.0.0":
  "integrity" "sha1-tf1UIgqivFq1eqtxQMlAdUUDwac="
  "resolved" "https://registry.npmjs.org/core-util-is/-/core-util-is-1.0.2.tgz"
  "version" "1.0.2"

"create-react-app@^1.3.0":
  "integrity" "sha1-i71G10mGT1Ftv8Q5i3T7Yzz3qZc="
  "resolved" "https://registry.npmjs.org/create-react-app/-/create-react-app-1.3.0.tgz"
  "version" "1.3.0"
  dependencies:
    "chalk" "^1.1.1"
    "commander" "^2.9.0"
    "cross-spawn" "^4.0.0"
    "fs-extra" "^1.0.0"
    "hyperquest" "^2.1.2"
    "semver" "^5.0.3"
    "tar-pack" "^3.4.0"
    "tmp" "0.0.31"
    "validate-npm-package-name" "^3.0.0"

"cross-spawn@^4.0.0":
  "integrity" "sha1-e5JHYhwjrf3ThWAEqCPL45dCTUE="
  "resolved" "https://registry.npmjs.org/cross-spawn/-/cross-spawn-4.0.2.tgz"
  "version" "4.0.2"
  dependencies:
    "lru-cache" "^4.0.1"
    "which" "^1.2.9"

"debug@^2.2.0":
  "integrity" "sha1-dYaps8OXQcAoKuM0RcTorHRzT+A="
  "resolved" "https://registry.npmjs.org/debug/-/debug-2.6.4.tgz"
  "version" "2.6.4"
  dependencies:
    "ms" "0.7.3"

"dom-walk@^0.1.0":
  "integrity" "sha1-ZyIm3HTI95mtNTB9+TaroRrNYBg="
  "resolved" "https://registry.npmjs.org/dom-walk/-/dom-walk-0.1.1.tgz"
  "version" "0.1.1"

"duplexer2@~0.0.2":
  "integrity" "sha1-xhTc9n4vsUmVqRcR5aYX6KYKMds="
  "resolved" "https://registry.npmjs.org/duplexer2/-/duplexer2-0.0.2.tgz"
  "version" "0.0.2"
  dependencies:
    "readable-stream" "~1.1.9"

"escape-string-regexp@^1.0.2":
  "integrity" "sha1-G2HAViGQqN/2rjuyzwIAyhMLhtQ="
  "resolved" "https://registry.npmjs.org/escape-string-regexp/-/escape-string-regexp-1.0.5.tgz"
  "version" "1.0.5"

"fs-extra@^1.0.0":
  "integrity" "sha1-zTzl9+fLYUWIP8rjGR6Yd/hYeVA="
  "resolved" "https://registry.npmjs.org/fs-extra/-/fs-extra-1.0.0.tgz"
  "version" "1.0.0"
  dependencies:
    "graceful-fs" "^4.1.2"
    "jsonfile" "^2.1.0"
    "klaw" "^1.0.0"

"fs.realpath@^1.0.0":
  "integrity" "sha1-FQStJSMVjKpA20onh8sBQRmU6k8="
  "resolved" "https://registry.npmjs.org/fs.realpath/-/fs.realpath-1.0.0.tgz"
  "version" "1.0.0"

"fstream-ignore@^1.0.5":
  "integrity" "sha1-nDHa40dnAY/h0kmyTa2mfQktoQU="
  "resolved" "https://registry.npmjs.org/fstream-ignore/-/fstream-ignore-1.0.5.tgz"
  "version" "1.0.5"
  dependencies:
    "fstream" "^1.0.0"
    "inherits" "2"
    "minimatch" "^3.0.0"

"fstream@^1.0.0", "fstream@^1.0.10", "fstream@^1.0.2":
  "integrity" "sha1-XB+x8RdHcRTwYyoOtLcbPLD9MXE="
  "resolved" "https://registry.npmjs.org/fstream/-/fstream-1.0.11.tgz"
  "version" "1.0.11"
  dependencies:
    "graceful-fs" "^4.1.2"
    "inherits" "~2.0.0"
    "mkdirp" ">=0.5 0"
    "rimraf" "2"

"glob@^7.0.5":
  "integrity" "sha1-gFIR3wT6rxxjo2ADBs31reULLsg="
  "resolved" "https://registry.npmjs.org/glob/-/glob-7.1.1.tgz"
  "version" "7.1.1"
  dependencies:
    "fs.realpath" "^1.0.0"
    "inflight" "^1.0.4"
    "inherits" "2"
    "minimatch" "^3.0.2"
    "once" "^1.3.0"
    "path-is-absolute" "^1.0.0"

"global@^4.3.2":
  "integrity" "sha1-52mJJopsdMOJCLEwWxD8DjlOnQ8="
  "resolved" "https://registry.npmjs.org/global/-/global-4.3.2.tgz"
  "version" "4.3.2"
  dependencies:
    "min-document" "^2.19.0"
    "process" "~0.5.1"

"graceful-fs@^4.1.2", "graceful-fs@^4.1.6", "graceful-fs@^4.1.9":
  "integrity" "sha1-Dovf5NHduIVNZOBOp8AOKgJuVlg="
  "resolved" "https://registry.npmjs.org/graceful-fs/-/graceful-fs-4.1.11.tgz"
  "version" "4.1.11"

"graceful-readlink@>= 1.0.0":
  "integrity" "sha1-TK+tdrxi8C+gObL5Tpo906ORpyU="
  "resolved" "https://registry.npmjs.org/graceful-readlink/-/graceful-readlink-1.0.1.tgz"
  "version" "1.0.1"

"has-ansi@^2.0.0":
  "integrity" "sha1-NPUEnOHs3ysGSa8+8k5F7TVBbZE="
  "resolved" "https://registry.npmjs.org/has-ansi/-/has-ansi-2.0.0.tgz"
  "version" "2.0.0"
  dependencies:
    "ansi-regex" "^2.0.0"

"has-symbol-support-x@^1.2.0":
  "integrity" "sha1-5iTq1RkMNbNOTimTRN/2Q32wLOI="
  "resolved" "https://registry.npmjs.org/has-symbol-support-x/-/has-symbol-support-x-1.2.0.tgz"
  "version" "1.2.0"

"has-to-string-tag-x@^1.2.0":
  "integrity" "sha1-xTbcTbvr4b6dKPYk/TIPeTEp/VM="
  "resolved" "https://registry.npmjs.org/has-to-string-tag-x/-/has-to-string-tag-x-1.2.0.tgz"
  "version" "1.2.0"
  dependencies:
    "has-symbol-support-x" "^1.2.0"

"hyperquest@^2.1.2":
  "integrity" "sha1-ldv2/MdMdJuuVcw5MhM13datwVg="
  "resolved" "https://registry.npmjs.org/hyperquest/-/hyperquest-2.1.2.tgz"
  "version" "2.1.2"
  dependencies:
    "buffer-from" "^0.1.1"
    "duplexer2" "~0.0.2"
    "through2" "~0.6.3"

"inflight@^1.0.4":
  "integrity" "sha1-Sb1jMdfQLQwJvJEKEHW6gWW1bfk="
  "resolved" "https://registry.npmjs.org/inflight/-/inflight-1.0.6.tgz"
  "version" "1.0.6"
  dependencies:
    "once" "^1.3.0"
    "wrappy" "1"

"inherits@~2.0.0", "inherits@~2.0.1", "inherits@2":
  "integrity" "sha1-Yzwsg+PaQqUC9SRmAiSA9CCCYd4="
  "resolved" "https://registry.npmjs.org/inherits/-/inherits-2.0.3.tgz"
  "version" "2.0.3"

"is-array-buffer-x@^1.0.13":
  "integrity" "sha1-V5GAaIthKzaRcA1smrM11v1GlVw="
  "resolved" "https://registry.npmjs.org/is-array-buffer-x/-/is-array-buffer-x-1.2.1.tgz"
  "version" "1.2.1"
  dependencies:
    "has-to-string-tag-x" "^1.2.0"
    "is-object-like-x" "^1.2.0"
    "to-string-tag-x" "^1.2.0"

"is-function-x@^1.2.0":
  "integrity" "sha1-HIOYmfB70j38aV5PBlUQe+hSdi0="
  "resolved" "https://registry.npmjs.org/is-function-x/-/is-function-x-1.2.0.tgz"
  "version" "1.2.0"
  dependencies:
    "has-to-string-tag-x" "^1.2.0"
    "is-primitive" "^2.0.0"
    "to-string-tag-x" "^1.1.1"

"is-object-like-x@^1.2.0":
  "integrity" "sha1-tZKdjxKrktrunS91S4MYRLzAjCE="
  "resolved" "https://registry.npmjs.org/is-object-like-x/-/is-object-like-x-1.2.0.tgz"
  "version" "1.2.0"
  dependencies:
    "is-function-x" "^1.2.0"
    "is-primitive" "^2.0.0"

"is-primitive@^2.0.0":
  "integrity" "sha1-IHurkWOEmcB7Kt8kCkGochADRXU="
  "resolved" "https://registry.npmjs.org/is-primitive/-/is-primitive-2.0.0.tgz"
  "version" "2.0.0"

"isarray@~1.0.0":
  "integrity" "sha1-u5NdSFgsuhaMBoNJV6VKPgcSTxE="
  "resolved" "https://registry.npmjs.org/isarray/-/isarray-1.0.0.tgz"
  "version" "1.0.0"

"isarray@0.0.1":
  "integrity" "sha1-ihis/Kmo9Bd+Cav8YDiTmwXR7t8="
  "resolved" "https://registry.npmjs.org/isarray/-/isarray-0.0.1.tgz"
  "version" "0.0.1"

"isexe@^2.0.0":
  "integrity" "sha1-6PvzdNxVb/iUehDcsFctYz8s+hA="
  "resolved" "https://registry.npmjs.org/isexe/-/isexe-2.0.0.tgz"
  "version" "2.0.0"

"jsonfile@^2.1.0":
  "integrity" "sha1-NzaitCi4e72gzIO1P6PWM6NcKug="
  "resolved" "https://registry.npmjs.org/jsonfile/-/jsonfile-2.4.0.tgz"
  "version" "2.4.0"
  optionalDependencies:
    "graceful-fs" "^4.1.6"

"klaw@^1.0.0":
  "integrity" "sha1-QIhDO0azsbolnXh4XY6W9zugJDk="
  "resolved" "https://registry.npmjs.org/klaw/-/klaw-1.3.1.tgz"
  "version" "1.3.1"
  optionalDependencies:
    "graceful-fs" "^4.1.9"

"lodash.isnull@^3.0.0":
  "integrity" "sha1-+vvlnqHcon7teGU0A53YTC4HxW4="
  "resolved" "https://registry.npmjs.org/lodash.isnull/-/lodash.isnull-3.0.0.tgz"
  "version" "3.0.0"

"lru-cache@^4.0.1":
  "integrity" "sha1-HRdnnAac2l0ECZGgnbwsDbN35V4="
  "resolved" "https://registry.npmjs.org/lru-cache/-/lru-cache-4.0.2.tgz"
  "version" "4.0.2"
  dependencies:
    "pseudomap" "^1.0.1"
    "yallist" "^2.0.0"

"min-document@^2.19.0":
  "integrity" "sha1-e9KC4/WELtKVu3SM3Z8f+iyCRoU="
  "resolved" "https://registry.npmjs.org/min-document/-/min-document-2.19.0.tgz"
  "version" "2.19.0"
  dependencies:
    "dom-walk" "^0.1.0"

"minimatch@^3.0.0", "minimatch@^3.0.2":
  "integrity" "sha1-Kk5AkLlrLbBqnX3wEFWmKnfJt3Q="
  "resolved" "https://registry.npmjs.org/minimatch/-/minimatch-3.0.3.tgz"
  "version" "3.0.3"
  dependencies:
    "brace-expansion" "^1.0.0"

"minimist@0.0.8":
  "integrity" "sha1-hX/Kv8M5fSYluCKCYuhqp6ARsF0="
  "resolved" "https://registry.npmjs.org/minimist/-/minimist-0.0.8.tgz"
  "version" "0.0.8"

"mkdirp@>=0.5 0":
  "integrity" "sha1-MAV0OOrGz3+MR2fzhkjWaX11yQM="
  "resolved" "https://registry.npmjs.org/mkdirp/-/mkdirp-0.5.1.tgz"
  "version" "0.5.1"
  dependencies:
    "minimist" "0.0.8"

"moment@^2.18.1":
  "integrity" "sha1-w2GT3Tzhwu7SrbfIAtu8d6gbHA8="
  "resolved" "https://registry.npmjs.org/moment/-/moment-2.18.1.tgz"
  "version" "2.18.1"

"ms@0.7.3":
  "integrity" "sha1-cIFVpeROM/X9D8U+gdDUCpG+H/8="
  "resolved" "https://registry.npmjs.org/ms/-/ms-0.7.3.tgz"
  "version" "0.7.3"

"once@^1.3.0", "once@^1.3.3":
  "integrity" "sha1-WDsap3WWHUsROsF9nFC6753Xa9E="
  "resolved" "https://registry.npmjs.org/once/-/once-1.4.0.tgz"
  "version" "1.4.0"
  dependencies:
    "wrappy" "1"

"os-tmpdir@~1.0.1":
  "integrity" "sha1-u+Z0BseaqFxc/sdm/lc0VV36EnQ="
  "resolved" "https://registry.npmjs.org/os-tmpdir/-/os-tmpdir-1.0.2.tgz"
  "version" "1.0.2"

"path-is-absolute@^1.0.0":
  "integrity" "sha1-F0uSaHNVNP+8es5r9TpanhtcX18="
  "resolved" "https://registry.npmjs.org/path-is-absolute/-/path-is-absolute-1.0.1.tgz"
  "version" "1.0.1"

"process-nextick-args@~1.0.6":
  "integrity" "sha1-FQ4gt1ZZCtP5EJPyWk8q2L/zC6M="
  "resolved" "https://registry.npmjs.org/process-nextick-args/-/process-nextick-args-1.0.7.tgz"
  "version" "1.0.7"

"process@~0.5.1":
  "integrity" "sha1-FjjYqONML0QKkduVq5rrZ3/Bhc8="
  "resolved" "https://registry.npmjs.org/process/-/process-0.5.2.tgz"
  "version" "0.5.2"

"pseudomap@^1.0.1":
  "integrity" "sha1-8FKijacOYYkX7wqKw0wa5aaChrM="
  "resolved" "https://registry.npmjs.org/pseudomap/-/pseudomap-1.0.2.tgz"
  "version" "1.0.2"

"readable-stream@^2.1.4":
  "integrity" "sha1-z3jsb0ptHrQ9JkiMrJfwQudLf8g="
  "resolved" "https://registry.npmjs.org/readable-stream/-/readable-stream-2.2.9.tgz"
  "version" "2.2.9"
  dependencies:
    "buffer-shims" "~1.0.0"
    "core-util-is" "~1.0.0"
    "inherits" "~2.0.1"
    "isarray" "~1.0.0"
    "process-nextick-args" "~1.0.6"
    "string_decoder" "~1.0.0"
    "util-deprecate" "~1.0.1"

"readable-stream@>=1.0.33-1 <1.1.0-0":
  "integrity" "sha1-Elgg40vIQtLyqq+v5MKRbuMsFXw="
  "resolved" "https://registry.npmjs.org/readable-stream/-/readable-stream-1.0.34.tgz"
  "version" "1.0.34"
  dependencies:
    "core-util-is" "~1.0.0"
    "inherits" "~2.0.1"
    "isarray" "0.0.1"
    "string_decoder" "~0.10.x"

"readable-stream@~1.1.9":
  "integrity" "sha1-fPTFTvZI44EwhMY23SB54WbAgdk="
  "resolved" "https://registry.npmjs.org/readable-stream/-/readable-stream-1.1.14.tgz"
  "version" "1.1.14"
  dependencies:
    "core-util-is" "~1.0.0"
    "inherits" "~2.0.1"
    "isarray" "0.0.1"
    "string_decoder" "~0.10.x"

"rimraf@^2.5.1", "rimraf@2":
  "integrity" "sha1-wjOOxkPfeht/5cVPqG9XQopV8z0="
  "resolved" "https://registry.npmjs.org/rimraf/-/rimraf-2.6.1.tgz"
  "version" "2.6.1"
  dependencies:
    "glob" "^7.0.5"

"semver@^5.0.3":
  "integrity" "sha1-myzl094C0XxgEq0yaqa00M9U+U8="
  "resolved" "https://registry.npmjs.org/semver/-/semver-5.3.0.tgz"
  "version" "5.3.0"

"string_decoder@~0.10.x":
  "integrity" "sha1-YuIDvEF2bGwoyfyEMB2rHFMQ+pQ="
  "resolved" "https://registry.npmjs.org/string_decoder/-/string_decoder-0.10.31.tgz"
  "version" "0.10.31"

"string_decoder@~1.0.0":
  "integrity" "sha1-8G9BFXtmTYYGn4S9vcmw2KsoFmc="
  "resolved" "https://registry.npmjs.org/string_decoder/-/string_decoder-1.0.0.tgz"
  "version" "1.0.0"
  dependencies:
    "buffer-shims" "~1.0.0"

"strip-ansi@^3.0.0":
  "integrity" "sha1-ajhfuIU9lS1f8F0Oiq+UJ43GPc8="
  "resolved" "https://registry.npmjs.org/strip-ansi/-/strip-ansi-3.0.1.tgz"
  "version" "3.0.1"
  dependencies:
    "ansi-regex" "^2.0.0"

"supports-color@^2.0.0":
  "integrity" "sha1-U10EXOa2Nj+kARcIRimZXp3zJMc="
  "resolved" "https://registry.npmjs.org/supports-color/-/supports-color-2.0.0.tgz"
  "version" "2.0.0"

"tar-pack@^3.4.0":
  "integrity" "sha1-I74tf2cagzk3bL2wuP4/3r8xeYQ="
  "resolved" "https://registry.npmjs.org/tar-pack/-/tar-pack-3.4.0.tgz"
  "version" "3.4.0"
  dependencies:
    "debug" "^2.2.0"
    "fstream" "^1.0.10"
    "fstream-ignore" "^1.0.5"
    "once" "^1.3.3"
    "readable-stream" "^2.1.4"
    "rimraf" "^2.5.1"
    "tar" "^2.2.1"
    "uid-number" "^0.0.6"

"tar@^2.2.1":
  "integrity" "sha1-jk0qJWwOIYXGsYrWlK7JaLg8sdE="
  "resolved" "https://registry.npmjs.org/tar/-/tar-2.2.1.tgz"
  "version" "2.2.1"
  dependencies:
    "block-stream" "*"
    "fstream" "^1.0.2"
    "inherits" "2"

"through2@~0.6.3":
  "integrity" "sha1-QaucZ7KdVyCQcUEOHXp6lozTrUg="
  "resolved" "https://registry.npmjs.org/through2/-/through2-0.6.5.tgz"
  "version" "0.6.5"
  dependencies:
    "readable-stream" ">=1.0.33-1 <1.1.0-0"
    "xtend" ">=4.0.0 <4.1.0-0"

"tmp@0.0.31":
  "integrity" "sha1-jzirlDjhcxXl29izZX6L+yd65Kc="
  "resolved" "https://registry.npmjs.org/tmp/-/tmp-0.0.31.tgz"
  "version" "0.0.31"
  dependencies:
    "os-tmpdir" "~1.0.1"

"to-string-tag-x@^1.1.1", "to-string-tag-x@^1.2.0":
  "integrity" "sha1-ItiGG+3eLbjxji2goAKoQ+VuATU="
  "resolved" "https://registry.npmjs.org/to-string-tag-x/-/to-string-tag-x-1.2.0.tgz"
  "version" "1.2.0"
  dependencies:
    "lodash.isnull" "^3.0.0"
    "validate.io-undefined" "^1.0.3"

"uid-number@^0.0.6":
  "integrity" "sha1-DqEOgDXo61uOREnwbaHHMGY7qoE="
  "resolved" "https://registry.npmjs.org/uid-number/-/uid-number-0.0.6.tgz"
  "version" "0.0.6"

"util-deprecate@~1.0.1":
  "integrity" "sha1-RQ1Nyfpw3nMnYvvS1KKJgUGaDM8="
  "resolved" "https://registry.npmjs.org/util-deprecate/-/util-deprecate-1.0.2.tgz"
  "version" "1.0.2"

"validate-npm-package-name@^3.0.0":
  "integrity" "sha1-X6kS2B630MdK/BQN5zF/DKffQ34="
  "resolved" "https://registry.npmjs.org/validate-npm-package-name/-/validate-npm-package-name-3.0.0.tgz"
  "version" "3.0.0"
  dependencies:
    "builtins" "^1.0.3"

"validate.io-undefined@^1.0.3":
  "integrity" "sha1-fif8uzFbhB54JDQxiXZxkp4gt/Q="
  "resolved" "https://registry.npmjs.org/validate.io-undefined/-/validate.io-undefined-1.0.3.tgz"
  "version" "1.0.3"

"which@^1.2.9":
  "integrity" "sha1-mofEN48D6CfOyvGs31bHNsAcFOU="
  "resolved" "https://registry.npmjs.org/which/-/which-1.2.14.tgz"
  "version" "1.2.14"
  dependencies:
    "isexe" "^2.0.0"

"wrappy@1":
  "integrity" "sha1-tSQ9jz7BqjXxNkYFvA0QNuMKtp8="
  "resolved" "https://registry.npmjs.org/wrappy/-/wrappy-1.0.2.tgz"
  "version" "1.0.2"

"xtend@>=4.0.0 <4.1.0-0":
  "integrity" "sha1-pcbVMr5lbiPbgg77lDofBJmNY68="
  "resolved" "https://registry.npmjs.org/xtend/-/xtend-4.0.1.tgz"
  "version" "4.0.1"

"yallist@^2.0.0":
  "integrity" "sha1-HBH5IY8HYImkfdUS+TxmmaaoHVI="
  "resolved" "https://registry.npmjs.org/yallist/-/yallist-2.1.2.tgz"
  "version" "2.1.2"
